
Microsoft Visual Studio Solution File, Format Version 12.00
# Visual Studio Version 17
VisualStudioVersion = 17.4.33205.214
MinimumVisualStudioVersion = 10.0.40219.1
Project("{9A19103F-16F7-4668-BE54-9A1E7A4F7556}") = "IronxXSolution", "IronxXSolution\IronxXSolution.csproj", "{2CB1B3FF-4029-4081-8A2A-9F05E6461662}"
EndProject
Project("{9A19103F-16F7-4668-BE54-9A1E7A4F7556}") = "Library", "Library\Library.csproj", "{8AF19B52-48C1-45FF-B3ED-8957C0E43D01}"
EndProject
Project("{9A19103F-16F7-4668-BE54-9A1E7A4F7556}") = "IronXGameUpdate", "IronXGameUpdate\IronXGameUpdate.csproj", "{757B03DB-50C6-4CAB-9346-DE23C4DE1500}"
EndProject
Project("{9A19103F-16F7-4668-BE54-9A1E7A4F7556}") = "IronxXCashier", "IronxXCashier\IronxXCashier.csproj", "{560D380C-318C-462B-8F17-2CFE0AE34036}"
EndProject
Project("{9A19103F-16F7-4668-BE54-9A1E7A4F7556}") = "StylesResources", "StylesResources\StylesResources.csproj", "{95878CFF-9174-400D-A2AC-6CF8F66BDDA4}"
EndProject
Project("{FAE04EC0-301F-11D3-BF4B-00C04F79EFBC}") = "Dota2CheckUpdate", "Dota2CheckUpdate\Dota2CheckUpdate.csproj", "{19A9371F-8030-44F6-82A0-7717BA7F5A44}"
EndProject
Project("{FAE04EC0-301F-11D3-BF4B-00C04F79EFBC}") = "CSGOCheckUpdate", "CSGOCheckUpdate\CSGOCheckUpdate.csproj", "{69A26814-5E81-4227-A4D1-A5B8B8749A3D}"
EndProject
Project("{FAE04EC0-301F-11D3-BF4B-00C04F79EFBC}") = "WarfaceCheckUpdate", "WarfaceCheckUpdate\WarfaceCheckUpdate.csproj", "{C6054FC2-24FF-462D-B1C9-ED03BBABE5A8}"
EndProject
Project("{FAE04EC0-301F-11D3-BF4B-00C04F79EFBC}") = "PUBGCheckUpdate", "PUBGCheckUpdate\PUBGCheckUpdate.csproj", "{90BD394A-9184-40CA-A5E5-C4FF14BC2AD1}"
EndProject
Project("{2150E333-8FDC-42A3-9474-1A3956D46DE8}") = "CheckingUpdates", "CheckingUpdates", "{B575460B-9DD4-4D12-8E73-9385607F676A}"
EndProject
Project("{9A19103F-16F7-4668-BE54-9A1E7A4F7556}") = "CheckingGamesUpdatesConsole", "CheckingGamesUpdates\CheckingGamesUpdatesConsole.csproj", "{00B6125F-481E-42B7-A6A2-83D9F2DB1429}"
EndProject
Project("{FAE04EC0-301F-11D3-BF4B-00C04F79EFBC}") = "FortniteCheckUpdate", "FortniteCheckUpdate\FortniteCheckUpdate.csproj", "{D8F715DD-AB9F-4B0E-B568-F0A4AAC3517C}"
EndProject
Project("{FAE04EC0-301F-11D3-BF4B-00C04F79EFBC}") = "ApexCheckUpdate", "ApexCheckUpdate\ApexCheckUpdate.csproj", "{2870224C-2D2A-46E2-96DF-D6865FEC01BE}"
EndProject
Project("{FAE04EC0-301F-11D3-BF4B-00C04F79EFBC}") = "WorldOfTanksCheckUpdate", "WorldOfTanksCheckUpdate\WorldOfTanksCheckUpdate.csproj", "{EFA5D1B5-2DD5-4D01-8157-1A9BC0394297}"
EndProject
Project("{FAE04EC0-301F-11D3-BF4B-00C04F79EFBC}") = "CODCheckUpdate", "CODCheckUpdate\CODCheckUpdate.csproj", "{221F97A3-52ED-42D6-9B46-C192461B8493}"
EndProject
Project("{9A19103F-16F7-4668-BE54-9A1E7A4F7556}") = "CGULibrary", "CGULibrary\CGULibrary.csproj", "{3E7D6264-F975-415D-8406-C9010805863C}"
EndProject
Project("{2150E333-8FDC-42A3-9474-1A3956D46DE8}") = "helper", "helper", "{B5275C4A-466F-4E03-9377-2677C8AD67B5}"
EndProject
Project("{FAE04EC0-301F-11D3-BF4B-00C04F79EFBC}") = "IronXHelper", "IronXHelper\IronXHelper.csproj", "{D136ADE3-EAEB-4461-B35E-06DF38EEB17D}"
EndProject
Global
	GlobalSection(SolutionConfigurationPlatforms) = preSolution
		Debug|Any CPU = Debug|Any CPU
		Release|Any CPU = Release|Any CPU
	EndGlobalSection
	GlobalSection(ProjectConfigurationPlatforms) = postSolution
		{2CB1B3FF-4029-4081-8A2A-9F05E6461662}.Debug|Any CPU.ActiveCfg = Debug|Any CPU
		{2CB1B3FF-4029-4081-8A2A-9F05E6461662}.Debug|Any CPU.Build.0 = Debug|Any CPU
		{2CB1B3FF-4029-4081-8A2A-9F05E6461662}.Release|Any CPU.ActiveCfg = Release|Any CPU
		{2CB1B3FF-4029-4081-8A2A-9F05E6461662}.Release|Any CPU.Build.0 = Release|Any CPU
		{8AF19B52-48C1-45FF-B3ED-8957C0E43D01}.Debug|Any CPU.ActiveCfg = Debug|Any CPU
		{8AF19B52-48C1-45FF-B3ED-8957C0E43D01}.Debug|Any CPU.Build.0 = Debug|Any CPU
		{8AF19B52-48C1-45FF-B3ED-8957C0E43D01}.Release|Any CPU.ActiveCfg = Release|Any CPU
		{8AF19B52-48C1-45FF-B3ED-8957C0E43D01}.Release|Any CPU.Build.0 = Release|Any CPU
		{757B03DB-50C6-4CAB-9346-DE23C4DE1500}.Debug|Any CPU.ActiveCfg = Debug|Any CPU
		{757B03DB-50C6-4CAB-9346-DE23C4DE1500}.Debug|Any CPU.Build.0 = Debug|Any CPU
		{757B03DB-50C6-4CAB-9346-DE23C4DE1500}.Release|Any CPU.ActiveCfg = Release|Any CPU
		{757B03DB-50C6-4CAB-9346-DE23C4DE1500}.Release|Any CPU.Build.0 = Release|Any CPU
		{560D380C-318C-462B-8F17-2CFE0AE34036}.Debug|Any CPU.ActiveCfg = Debug|Any CPU
		{560D380C-318C-462B-8F17-2CFE0AE34036}.Debug|Any CPU.Build.0 = Debug|Any CPU
		{560D380C-318C-462B-8F17-2CFE0AE34036}.Release|Any CPU.ActiveCfg = Release|Any CPU
		{560D380C-318C-462B-8F17-2CFE0AE34036}.Release|Any CPU.Build.0 = Release|Any CPU
		{95878CFF-9174-400D-A2AC-6CF8F66BDDA4}.Debug|Any CPU.ActiveCfg = Debug|Any CPU
		{95878CFF-9174-400D-A2AC-6CF8F66BDDA4}.Debug|Any CPU.Build.0 = Debug|Any CPU
		{95878CFF-9174-400D-A2AC-6CF8F66BDDA4}.Release|Any CPU.ActiveCfg = Release|Any CPU
		{95878CFF-9174-400D-A2AC-6CF8F66BDDA4}.Release|Any CPU.Build.0 = Release|Any CPU
		{19A9371F-8030-44F6-82A0-7717BA7F5A44}.Debug|Any CPU.ActiveCfg = Debug|Any CPU
		{19A9371F-8030-44F6-82A0-7717BA7F5A44}.Debug|Any CPU.Build.0 = Debug|Any CPU
		{19A9371F-8030-44F6-82A0-7717BA7F5A44}.Release|Any CPU.ActiveCfg = Release|Any CPU
		{19A9371F-8030-44F6-82A0-7717BA7F5A44}.Release|Any CPU.Build.0 = Release|Any CPU
		{69A26814-5E81-4227-A4D1-A5B8B8749A3D}.Debug|Any CPU.ActiveCfg = Debug|Any CPU
		{69A26814-5E81-4227-A4D1-A5B8B8749A3D}.Debug|Any CPU.Build.0 = Debug|Any CPU
		{69A26814-5E81-4227-A4D1-A5B8B8749A3D}.Release|Any CPU.ActiveCfg = Release|Any CPU
		{69A26814-5E81-4227-A4D1-A5B8B8749A3D}.Release|Any CPU.Build.0 = Release|Any CPU
		{C6054FC2-24FF-462D-B1C9-ED03BBABE5A8}.Debug|Any CPU.ActiveCfg = Debug|Any CPU
		{C6054FC2-24FF-462D-B1C9-ED03BBABE5A8}.Debug|Any CPU.Build.0 = Debug|Any CPU
		{C6054FC2-24FF-462D-B1C9-ED03BBABE5A8}.Release|Any CPU.ActiveCfg = Release|Any CPU
		{C6054FC2-24FF-462D-B1C9-ED03BBABE5A8}.Release|Any CPU.Build.0 = Release|Any CPU
		{90BD394A-9184-40CA-A5E5-C4FF14BC2AD1}.Debug|Any CPU.ActiveCfg = Debug|Any CPU
		{90BD394A-9184-40CA-A5E5-C4FF14BC2AD1}.Debug|Any CPU.Build.0 = Debug|Any CPU
		{90BD394A-9184-40CA-A5E5-C4FF14BC2AD1}.Release|Any CPU.ActiveCfg = Release|Any CPU
		{90BD394A-9184-40CA-A5E5-C4FF14BC2AD1}.Release|Any CPU.Build.0 = Release|Any CPU
		{00B6125F-481E-42B7-A6A2-83D9F2DB1429}.Debug|Any CPU.ActiveCfg = Debug|Any CPU
		{00B6125F-481E-42B7-A6A2-83D9F2DB1429}.Debug|Any CPU.Build.0 = Debug|Any CPU
		{00B6125F-481E-42B7-A6A2-83D9F2DB1429}.Release|Any CPU.ActiveCfg = Release|Any CPU
		{00B6125F-481E-42B7-A6A2-83D9F2DB1429}.Release|Any CPU.Build.0 = Release|Any CPU
		{D8F715DD-AB9F-4B0E-B568-F0A4AAC3517C}.Debug|Any CPU.ActiveCfg = Debug|Any CPU
		{D8F715DD-AB9F-4B0E-B568-F0A4AAC3517C}.Debug|Any CPU.Build.0 = Debug|Any CPU
		{D8F715DD-AB9F-4B0E-B568-F0A4AAC3517C}.Release|Any CPU.ActiveCfg = Release|Any CPU
		{D8F715DD-AB9F-4B0E-B568-F0A4AAC3517C}.Release|Any CPU.Build.0 = Release|Any CPU
		{2870224C-2D2A-46E2-96DF-D6865FEC01BE}.Debug|Any CPU.ActiveCfg = Debug|Any CPU
		{2870224C-2D2A-46E2-96DF-D6865FEC01BE}.Debug|Any CPU.Build.0 = Debug|Any CPU
		{2870224C-2D2A-46E2-96DF-D6865FEC01BE}.Release|Any CPU.ActiveCfg = Release|Any CPU
		{2870224C-2D2A-46E2-96DF-D6865FEC01BE}.Release|Any CPU.Build.0 = Release|Any CPU
		{EFA5D1B5-2DD5-4D01-8157-1A9BC0394297}.Debug|Any CPU.ActiveCfg = Debug|Any CPU
		{EFA5D1B5-2DD5-4D01-8157-1A9BC0394297}.Debug|Any CPU.Build.0 = Debug|Any CPU
		{EFA5D1B5-2DD5-4D01-8157-1A9BC0394297}.Release|Any CPU.ActiveCfg = Release|Any CPU
		{EFA5D1B5-2DD5-4D01-8157-1A9BC0394297}.Release|Any CPU.Build.0 = Release|Any CPU
		{221F97A3-52ED-42D6-9B46-C192461B8493}.Debug|Any CPU.ActiveCfg = Debug|Any CPU
		{221F97A3-52ED-42D6-9B46-C192461B8493}.Debug|Any CPU.Build.0 = Debug|Any CPU
		{221F97A3-52ED-42D6-9B46-C192461B8493}.Release|Any CPU.ActiveCfg = Release|Any CPU
		{221F97A3-52ED-42D6-9B46-C192461B8493}.Release|Any CPU.Build.0 = Release|Any CPU
		{3E7D6264-F975-415D-8406-C9010805863C}.Debug|Any CPU.ActiveCfg = Debug|Any CPU
		{3E7D6264-F975-415D-8406-C9010805863C}.Debug|Any CPU.Build.0 = Debug|Any CPU
		{3E7D6264-F975-415D-8406-C9010805863C}.Release|Any CPU.ActiveCfg = Release|Any CPU
		{3E7D6264-F975-415D-8406-C9010805863C}.Release|Any CPU.Build.0 = Release|Any CPU
		{D136ADE3-EAEB-4461-B35E-06DF38EEB17D}.Debug|Any CPU.ActiveCfg = Debug|Any CPU
		{D136ADE3-EAEB-4461-B35E-06DF38EEB17D}.Debug|Any CPU.Build.0 = Debug|Any CPU
		{D136ADE3-EAEB-4461-B35E-06DF38EEB17D}.Release|Any CPU.ActiveCfg = Release|Any CPU
		{D136ADE3-EAEB-4461-B35E-06DF38EEB17D}.Release|Any CPU.Build.0 = Release|Any CPU
	EndGlobalSection
	GlobalSection(SolutionProperties) = preSolution
		HideSolutionNode = FALSE
	EndGlobalSection
	GlobalSection(NestedProjects) = preSolution
		{19A9371F-8030-44F6-82A0-7717BA7F5A44} = {B575460B-9DD4-4D12-8E73-9385607F676A}
		{69A26814-5E81-4227-A4D1-A5B8B8749A3D} = {B575460B-9DD4-4D12-8E73-9385607F676A}
		{C6054FC2-24FF-462D-B1C9-ED03BBABE5A8} = {B575460B-9DD4-4D12-8E73-9385607F676A}
		{90BD394A-9184-40CA-A5E5-C4FF14BC2AD1} = {B575460B-9DD4-4D12-8E73-9385607F676A}
		{00B6125F-481E-42B7-A6A2-83D9F2DB1429} = {B575460B-9DD4-4D12-8E73-9385607F676A}
		{D8F715DD-AB9F-4B0E-B568-F0A4AAC3517C} = {B575460B-9DD4-4D12-8E73-9385607F676A}
		{2870224C-2D2A-46E2-96DF-D6865FEC01BE} = {B575460B-9DD4-4D12-8E73-9385607F676A}
		{EFA5D1B5-2DD5-4D01-8157-1A9BC0394297} = {B575460B-9DD4-4D12-8E73-9385607F676A}
		{221F97A3-52ED-42D6-9B46-C192461B8493} = {B575460B-9DD4-4D12-8E73-9385607F676A}
		{3E7D6264-F975-415D-8406-C9010805863C} = {B575460B-9DD4-4D12-8E73-9385607F676A}
		{D136ADE3-EAEB-4461-B35E-06DF38EEB17D} = {B5275C4A-466F-4E03-9377-2677C8AD67B5}
	EndGlobalSection
	GlobalSection(ExtensibilityGlobals) = postSolution
		SolutionGuid = {C5B9CC1D-42ED-4F97-9602-4A4CFBD41606}
	EndGlobalSection
EndGlobal
